
Microsoft Visual Studio Solution File, Format Version 12.00
# Visual Studio Version 17
VisualStudioVersion = 17.4.33213.308
MinimumVisualStudioVersion = 10.0.40219.1
Project("{FAE04EC0-301F-11D3-BF4B-00C04F79EFBC}") = "MatchingGame", "MatchingGame\MatchingGame.csproj", "{55C11B87-8827-404B-9170-40BA70239EE0}"
EndProject
Global
	GlobalSection(SolutionConfigurationPlatforms) = preSolution
		Debug|Any CPU = Debug|Any CPU
		Release|Any CPU = Release|Any CPU
	EndGlobalSection
	GlobalSection(ProjectConfigurationPlatforms) = postSolution
		{55C11B87-8827-404B-9170-40BA70239EE0}.Debug|Any CPU.ActiveCfg = Debug|Any CPU
		{55C11B87-8827-404B-9170-40BA70239EE0}.Debug|Any CPU.Build.0 = Debug|Any CPU
		{55C11B87-8827-404B-9170-40BA70239EE0}.Release|Any CPU.ActiveCfg = Release|Any CPU
		{55C11B87-8827-404B-9170-40BA70239EE0}.Release|Any CPU.Build.0 = Release|Any CPU
	EndGlobalSection
	GlobalSection(SolutionProperties) = preSolution
		HideSolutionNode = FALSE
	EndGlobalSection
	GlobalSection(ExtensibilityGlobals) = postSolution
		SolutionGuid = {5C6B35C0-1B45-4698-89DB-CA1FB79EED26}
	EndGlobalSection
EndGlobal
